
Microsoft Visual Studio Solution File, Format Version 12.00
# Visual Studio Version 16
VisualStudioVersion = 16.0.30907.101
MinimumVisualStudioVersion = 10.0.40219.1
Project("{FAE04EC0-301F-11D3-BF4B-00C04F79EFBC}") = "BlogProject.DataAccess", "BlogProject.DataAccess\BlogProject.DataAccess.csproj", "{6651506D-B8C3-4CCD-93A6-4C672E73D15F}"
EndProject
Project("{FAE04EC0-301F-11D3-BF4B-00C04F79EFBC}") = "BlogProject.Entities", "BlogProject.Entities\BlogProject.Entities.csproj", "{5BE35F29-8784-4AAC-A02F-C46D11A44C04}"
EndProject
Project("{FAE04EC0-301F-11D3-BF4B-00C04F79EFBC}") = "BlogProject.Business", "BlogProject.Business\BlogProject.Business.csproj", "{6C2A7BB3-2E0C-45CC-B9CC-7555621B27ED}"
EndProject
Project("{FAE04EC0-301F-11D3-BF4B-00C04F79EFBC}") = "BlogProject.DTO", "BlogProject.DTO\BlogProject.DTO.csproj", "{3EA84C6D-26A8-4047-8AB6-5B4B32963228}"
EndProject
Project("{FAE04EC0-301F-11D3-BF4B-00C04F79EFBC}") = "BlogProject.WebUI", "BlogProject.WebUI\BlogProject.WebUI.csproj", "{54B1C0B9-A425-4F4A-84DD-6EE2F644A401}"
EndProject
Global
	GlobalSection(SolutionConfigurationPlatforms) = preSolution
		Debug|Any CPU = Debug|Any CPU
		Release|Any CPU = Release|Any CPU
	EndGlobalSection
	GlobalSection(ProjectConfigurationPlatforms) = postSolution
		{6651506D-B8C3-4CCD-93A6-4C672E73D15F}.Debug|Any CPU.ActiveCfg = Debug|Any CPU
		{6651506D-B8C3-4CCD-93A6-4C672E73D15F}.Debug|Any CPU.Build.0 = Debug|Any CPU
		{6651506D-B8C3-4CCD-93A6-4C672E73D15F}.Release|Any CPU.ActiveCfg = Release|Any CPU
		{6651506D-B8C3-4CCD-93A6-4C672E73D15F}.Release|Any CPU.Build.0 = Release|Any CPU
		{5BE35F29-8784-4AAC-A02F-C46D11A44C04}.Debug|Any CPU.ActiveCfg = Debug|Any CPU
		{5BE35F29-8784-4AAC-A02F-C46D11A44C04}.Debug|Any CPU.Build.0 = Debug|Any CPU
		{5BE35F29-8784-4AAC-A02F-C46D11A44C04}.Release|Any CPU.ActiveCfg = Release|Any CPU
		{5BE35F29-8784-4AAC-A02F-C46D11A44C04}.Release|Any CPU.Build.0 = Release|Any CPU
		{6C2A7BB3-2E0C-45CC-B9CC-7555621B27ED}.Debug|Any CPU.ActiveCfg = Debug|Any CPU
		{6C2A7BB3-2E0C-45CC-B9CC-7555621B27ED}.Debug|Any CPU.Build.0 = Debug|Any CPU
		{6C2A7BB3-2E0C-45CC-B9CC-7555621B27ED}.Release|Any CPU.ActiveCfg = Release|Any CPU
		{6C2A7BB3-2E0C-45CC-B9CC-7555621B27ED}.Release|Any CPU.Build.0 = Release|Any CPU
		{3EA84C6D-26A8-4047-8AB6-5B4B32963228}.Debug|Any CPU.ActiveCfg = Debug|Any CPU
		{3EA84C6D-26A8-4047-8AB6-5B4B32963228}.Debug|Any CPU.Build.0 = Debug|Any CPU
		{3EA84C6D-26A8-4047-8AB6-5B4B32963228}.Release|Any CPU.ActiveCfg = Release|Any CPU
		{3EA84C6D-26A8-4047-8AB6-5B4B32963228}.Release|Any CPU.Build.0 = Release|Any CPU
		{54B1C0B9-A425-4F4A-84DD-6EE2F644A401}.Debug|Any CPU.ActiveCfg = Debug|Any CPU
		{54B1C0B9-A425-4F4A-84DD-6EE2F644A401}.Debug|Any CPU.Build.0 = Debug|Any CPU
		{54B1C0B9-A425-4F4A-84DD-6EE2F644A401}.Release|Any CPU.ActiveCfg = Release|Any CPU
		{54B1C0B9-A425-4F4A-84DD-6EE2F644A401}.Release|Any CPU.Build.0 = Release|Any CPU
	EndGlobalSection
	GlobalSection(SolutionProperties) = preSolution
		HideSolutionNode = FALSE
	EndGlobalSection
	GlobalSection(ExtensibilityGlobals) = postSolution
		SolutionGuid = {682ED804-AAF5-4573-A45C-E631C89C769D}
	EndGlobalSection
EndGlobal
